
Microsoft Visual Studio Solution File, Format Version 12.00
# Visual Studio Version 17
VisualStudioVersion = 17.0.31903.59
MinimumVisualStudioVersion = 10.0.40219.1
Project("{FAE04EC0-301F-11D3-BF4B-00C04F79EFBC}") = "Soru2", "Soru2.csproj", "{40047CD0-D12B-4836-B559-B8AAAD9DE793}"
EndProject
Global
	GlobalSection(SolutionConfigurationPlatforms) = preSolution
		Debug|Any CPU = Debug|Any CPU
		Release|Any CPU = Release|Any CPU
	EndGlobalSection
	GlobalSection(ProjectConfigurationPlatforms) = postSolution
		{40047CD0-D12B-4836-B559-B8AAAD9DE793}.Debug|Any CPU.ActiveCfg = Debug|Any CPU
		{40047CD0-D12B-4836-B559-B8AAAD9DE793}.Debug|Any CPU.Build.0 = Debug|Any CPU
		{40047CD0-D12B-4836-B559-B8AAAD9DE793}.Release|Any CPU.ActiveCfg = Release|Any CPU
		{40047CD0-D12B-4836-B559-B8AAAD9DE793}.Release|Any CPU.Build.0 = Release|Any CPU
	EndGlobalSection
	GlobalSection(SolutionProperties) = preSolution
		HideSolutionNode = FALSE
	EndGlobalSection
	GlobalSection(ExtensibilityGlobals) = postSolution
		SolutionGuid = {89964888-F932-4A65-ACE9-D95C67C209AF}
	EndGlobalSection
EndGlobal
