
Microsoft Visual Studio Solution File, Format Version 12.00
# Visual Studio Version 17
VisualStudioVersion = 17.0.31903.59
MinimumVisualStudioVersion = 10.0.40219.1
Project("{FAE04EC0-301F-11D3-BF4B-00C04F79EFBC}") = "while-loop", "while-loop.csproj", "{40CC32B9-C27F-4F7E-8E3E-CF390AD3BAC8}"
EndProject
Global
	GlobalSection(SolutionConfigurationPlatforms) = preSolution
		Debug|Any CPU = Debug|Any CPU
		Release|Any CPU = Release|Any CPU
	EndGlobalSection
	GlobalSection(ProjectConfigurationPlatforms) = postSolution
		{40CC32B9-C27F-4F7E-8E3E-CF390AD3BAC8}.Debug|Any CPU.ActiveCfg = Debug|Any CPU
		{40CC32B9-C27F-4F7E-8E3E-CF390AD3BAC8}.Debug|Any CPU.Build.0 = Debug|Any CPU
		{40CC32B9-C27F-4F7E-8E3E-CF390AD3BAC8}.Release|Any CPU.ActiveCfg = Release|Any CPU
		{40CC32B9-C27F-4F7E-8E3E-CF390AD3BAC8}.Release|Any CPU.Build.0 = Release|Any CPU
	EndGlobalSection
	GlobalSection(SolutionProperties) = preSolution
		HideSolutionNode = FALSE
	EndGlobalSection
	GlobalSection(ExtensibilityGlobals) = postSolution
		SolutionGuid = {DA908FD2-449C-4BF3-93B2-EDEF598020FD}
	EndGlobalSection
EndGlobal
