
Microsoft Visual Studio Solution File, Format Version 12.00
# Visual Studio Version 17
VisualStudioVersion = 17.0.31903.59
MinimumVisualStudioVersion = 10.0.40219.1
Project("{FAE04EC0-301F-11D3-BF4B-00C04F79EFBC}") = "algoritma-sorulari3", "algoritma-sorulari3.csproj", "{22AE8D75-E130-4493-B0B6-32FE56447395}"
EndProject
Global
	GlobalSection(SolutionConfigurationPlatforms) = preSolution
		Debug|Any CPU = Debug|Any CPU
		Release|Any CPU = Release|Any CPU
	EndGlobalSection
	GlobalSection(ProjectConfigurationPlatforms) = postSolution
		{22AE8D75-E130-4493-B0B6-32FE56447395}.Debug|Any CPU.ActiveCfg = Debug|Any CPU
		{22AE8D75-E130-4493-B0B6-32FE56447395}.Debug|Any CPU.Build.0 = Debug|Any CPU
		{22AE8D75-E130-4493-B0B6-32FE56447395}.Release|Any CPU.ActiveCfg = Release|Any CPU
		{22AE8D75-E130-4493-B0B6-32FE56447395}.Release|Any CPU.Build.0 = Release|Any CPU
	EndGlobalSection
	GlobalSection(SolutionProperties) = preSolution
		HideSolutionNode = FALSE
	EndGlobalSection
	GlobalSection(ExtensibilityGlobals) = postSolution
		SolutionGuid = {CC41AF94-EA61-408B-8D39-F62A569A0379}
	EndGlobalSection
EndGlobal
