
Microsoft Visual Studio Solution File, Format Version 12.00
# Visual Studio Version 17
VisualStudioVersion = 17.0.31903.59
MinimumVisualStudioVersion = 10.0.40219.1
Project("{FAE04EC0-301F-11D3-BF4B-00C04F79EFBC}") = "KoleksiyonArrayList", "KoleksiyonArrayList.csproj", "{A7000353-B03A-4703-B62B-BB6965190591}"
EndProject
Global
	GlobalSection(SolutionConfigurationPlatforms) = preSolution
		Debug|Any CPU = Debug|Any CPU
		Release|Any CPU = Release|Any CPU
	EndGlobalSection
	GlobalSection(ProjectConfigurationPlatforms) = postSolution
		{A7000353-B03A-4703-B62B-BB6965190591}.Debug|Any CPU.ActiveCfg = Debug|Any CPU
		{A7000353-B03A-4703-B62B-BB6965190591}.Debug|Any CPU.Build.0 = Debug|Any CPU
		{A7000353-B03A-4703-B62B-BB6965190591}.Release|Any CPU.ActiveCfg = Release|Any CPU
		{A7000353-B03A-4703-B62B-BB6965190591}.Release|Any CPU.Build.0 = Release|Any CPU
	EndGlobalSection
	GlobalSection(SolutionProperties) = preSolution
		HideSolutionNode = FALSE
	EndGlobalSection
	GlobalSection(ExtensibilityGlobals) = postSolution
		SolutionGuid = {1F53936A-5518-4EDA-A501-8E911F411EDF}
	EndGlobalSection
EndGlobal
