
Microsoft Visual Studio Solution File, Format Version 12.00
# Visual Studio Version 17
VisualStudioVersion = 17.0.31903.59
MinimumVisualStudioVersion = 10.0.40219.1
Project("{FAE04EC0-301F-11D3-BF4B-00C04F79EFBC}") = "Inheritance", "Inheritance.csproj", "{F65EA31A-FEE4-4FAB-96B3-10CBE7495F1D}"
EndProject
Global
	GlobalSection(SolutionConfigurationPlatforms) = preSolution
		Debug|Any CPU = Debug|Any CPU
		Release|Any CPU = Release|Any CPU
	EndGlobalSection
	GlobalSection(ProjectConfigurationPlatforms) = postSolution
		{F65EA31A-FEE4-4FAB-96B3-10CBE7495F1D}.Debug|Any CPU.ActiveCfg = Debug|Any CPU
		{F65EA31A-FEE4-4FAB-96B3-10CBE7495F1D}.Debug|Any CPU.Build.0 = Debug|Any CPU
		{F65EA31A-FEE4-4FAB-96B3-10CBE7495F1D}.Release|Any CPU.ActiveCfg = Release|Any CPU
		{F65EA31A-FEE4-4FAB-96B3-10CBE7495F1D}.Release|Any CPU.Build.0 = Release|Any CPU
	EndGlobalSection
	GlobalSection(SolutionProperties) = preSolution
		HideSolutionNode = FALSE
	EndGlobalSection
	GlobalSection(ExtensibilityGlobals) = postSolution
		SolutionGuid = {D52930AD-4EFA-4CEC-87FA-D2E1A7F685CF}
	EndGlobalSection
EndGlobal
