
Microsoft Visual Studio Solution File, Format Version 12.00
# Visual Studio Version 17
VisualStudioVersion = 17.0.31903.59
MinimumVisualStudioVersion = 10.0.40219.1
Project("{FAE04EC0-301F-11D3-BF4B-00C04F79EFBC}") = "donusum", "donusum.csproj", "{374741E0-93CF-46D6-A7B0-8437617F6899}"
EndProject
Global
	GlobalSection(SolutionConfigurationPlatforms) = preSolution
		Debug|Any CPU = Debug|Any CPU
		Release|Any CPU = Release|Any CPU
	EndGlobalSection
	GlobalSection(ProjectConfigurationPlatforms) = postSolution
		{374741E0-93CF-46D6-A7B0-8437617F6899}.Debug|Any CPU.ActiveCfg = Debug|Any CPU
		{374741E0-93CF-46D6-A7B0-8437617F6899}.Debug|Any CPU.Build.0 = Debug|Any CPU
		{374741E0-93CF-46D6-A7B0-8437617F6899}.Release|Any CPU.ActiveCfg = Release|Any CPU
		{374741E0-93CF-46D6-A7B0-8437617F6899}.Release|Any CPU.Build.0 = Release|Any CPU
	EndGlobalSection
	GlobalSection(SolutionProperties) = preSolution
		HideSolutionNode = FALSE
	EndGlobalSection
	GlobalSection(ExtensibilityGlobals) = postSolution
		SolutionGuid = {636137F8-2B68-4248-B199-E4DA5BEC3395}
	EndGlobalSection
EndGlobal
