
Microsoft Visual Studio Solution File, Format Version 12.00
# Visual Studio Version 17
VisualStudioVersion = 17.0.31903.59
MinimumVisualStudioVersion = 10.0.40219.1
Project("{FAE04EC0-301F-11D3-BF4B-00C04F79EFBC}") = "rekursiv-metot", "rekursiv-metot.csproj", "{1D5AD562-FC8A-4A2D-A237-5E8A42E62B83}"
EndProject
Global
	GlobalSection(SolutionConfigurationPlatforms) = preSolution
		Debug|Any CPU = Debug|Any CPU
		Release|Any CPU = Release|Any CPU
	EndGlobalSection
	GlobalSection(ProjectConfigurationPlatforms) = postSolution
		{1D5AD562-FC8A-4A2D-A237-5E8A42E62B83}.Debug|Any CPU.ActiveCfg = Debug|Any CPU
		{1D5AD562-FC8A-4A2D-A237-5E8A42E62B83}.Debug|Any CPU.Build.0 = Debug|Any CPU
		{1D5AD562-FC8A-4A2D-A237-5E8A42E62B83}.Release|Any CPU.ActiveCfg = Release|Any CPU
		{1D5AD562-FC8A-4A2D-A237-5E8A42E62B83}.Release|Any CPU.Build.0 = Release|Any CPU
	EndGlobalSection
	GlobalSection(SolutionProperties) = preSolution
		HideSolutionNode = FALSE
	EndGlobalSection
	GlobalSection(ExtensibilityGlobals) = postSolution
		SolutionGuid = {9FA088FA-5785-46FE-B2A5-8BEC5CC154F7}
	EndGlobalSection
EndGlobal
