
Microsoft Visual Studio Solution File, Format Version 12.00
# Visual Studio Version 17
VisualStudioVersion = 17.0.31903.59
MinimumVisualStudioVersion = 10.0.40219.1
Project("{FAE04EC0-301F-11D3-BF4B-00C04F79EFBC}") = "Soru3", "Soru3.csproj", "{8C7C6065-C918-45B1-80B3-740D9B65C4FF}"
EndProject
Global
	GlobalSection(SolutionConfigurationPlatforms) = preSolution
		Debug|Any CPU = Debug|Any CPU
		Release|Any CPU = Release|Any CPU
	EndGlobalSection
	GlobalSection(ProjectConfigurationPlatforms) = postSolution
		{8C7C6065-C918-45B1-80B3-740D9B65C4FF}.Debug|Any CPU.ActiveCfg = Debug|Any CPU
		{8C7C6065-C918-45B1-80B3-740D9B65C4FF}.Debug|Any CPU.Build.0 = Debug|Any CPU
		{8C7C6065-C918-45B1-80B3-740D9B65C4FF}.Release|Any CPU.ActiveCfg = Release|Any CPU
		{8C7C6065-C918-45B1-80B3-740D9B65C4FF}.Release|Any CPU.Build.0 = Release|Any CPU
	EndGlobalSection
	GlobalSection(SolutionProperties) = preSolution
		HideSolutionNode = FALSE
	EndGlobalSection
	GlobalSection(ExtensibilityGlobals) = postSolution
		SolutionGuid = {4E9EF2F0-1908-4093-AEB4-1C852F85880A}
	EndGlobalSection
EndGlobal
